
Microsoft Visual Studio Solution File, Format Version 12.00
# Visual Studio Version 16
VisualStudioVersion = 16.0.29306.81
MinimumVisualStudioVersion = 10.0.40219.1
Project("{FAE04EC0-301F-11D3-BF4B-00C04F79EFBC}") = "entityPractice", "entityPractice\entityPractice.csproj", "{59927595-B0B4-4336-8BA0-77F7B462DBCE}"
EndProject
Global
	GlobalSection(SolutionConfigurationPlatforms) = preSolution
		Debug|Any CPU = Debug|Any CPU
		Release|Any CPU = Release|Any CPU
	EndGlobalSection
	GlobalSection(ProjectConfigurationPlatforms) = postSolution
		{59927595-B0B4-4336-8BA0-77F7B462DBCE}.Debug|Any CPU.ActiveCfg = Debug|Any CPU
		{59927595-B0B4-4336-8BA0-77F7B462DBCE}.Debug|Any CPU.Build.0 = Debug|Any CPU
		{59927595-B0B4-4336-8BA0-77F7B462DBCE}.Release|Any CPU.ActiveCfg = Release|Any CPU
		{59927595-B0B4-4336-8BA0-77F7B462DBCE}.Release|Any CPU.Build.0 = Release|Any CPU
	EndGlobalSection
	GlobalSection(SolutionProperties) = preSolution
		HideSolutionNode = FALSE
	EndGlobalSection
	GlobalSection(ExtensibilityGlobals) = postSolution
		SolutionGuid = {851BE0D6-ACF5-41AD-9786-E4321E1C78B1}
	EndGlobalSection
EndGlobal
